
Microsoft Visual Studio Solution File, Format Version 12.00
# Visual Studio Version 16
VisualStudioVersion = 16.0.31005.135
MinimumVisualStudioVersion = 10.0.40219.1
Project("{FAE04EC0-301F-11D3-BF4B-00C04F79EFBC}") = "YoutubeTutorial", "YoutubeTutorial\YoutubeTutorial.csproj", "{EB3BCB81-EC0F-43E0-93F9-FB33F2D087F9}"
EndProject
Global
	GlobalSection(SolutionConfigurationPlatforms) = preSolution
		Debug|Any CPU = Debug|Any CPU
		Release|Any CPU = Release|Any CPU
	EndGlobalSection
	GlobalSection(ProjectConfigurationPlatforms) = postSolution
		{EB3BCB81-EC0F-43E0-93F9-FB33F2D087F9}.Debug|Any CPU.ActiveCfg = Debug|Any CPU
		{EB3BCB81-EC0F-43E0-93F9-FB33F2D087F9}.Debug|Any CPU.Build.0 = Debug|Any CPU
		{EB3BCB81-EC0F-43E0-93F9-FB33F2D087F9}.Release|Any CPU.ActiveCfg = Release|Any CPU
		{EB3BCB81-EC0F-43E0-93F9-FB33F2D087F9}.Release|Any CPU.Build.0 = Release|Any CPU
	EndGlobalSection
	GlobalSection(SolutionProperties) = preSolution
		HideSolutionNode = FALSE
	EndGlobalSection
	GlobalSection(ExtensibilityGlobals) = postSolution
		SolutionGuid = {885D08C2-BD60-4124-A531-CC32AAAF8922}
	EndGlobalSection
EndGlobal
